// !$*UTF8*$!
{
	archiveVersion = 1;
	classes = {
	};
	objectVersion = 56;
	objects = {

/* Begin PBXBuildFile section */
		CEA801812BE101B600A19889 /* LanguageLearningAppApp.swift in Sources */ = {isa = PBXBuildFile; fileRef = CEA801802BE101B600A19889 /* LanguageLearningAppApp.swift */; };
		CEA801832BE101B600A19889 /* MainMenuView.swift in Sources */ = {isa = PBXBuildFile; fileRef = CEA801822BE101B600A19889 /* MainMenuView.swift */; };
		CEA801852BE101B800A19889 /* Assets.xcassets in Resources */ = {isa = PBXBuildFile; fileRef = CEA801842BE101B800A19889 /* Assets.xcassets */; };
		CEA801882BE101B800A19889 /* Preview Assets.xcassets in Resources */ = {isa = PBXBuildFile; fileRef = CEA801872BE101B800A19889 /* Preview Assets.xcassets */; };
		CEA801912BE2499F00A19889 /* ScoreView.swift in Sources */ = {isa = PBXBuildFile; fileRef = CEA801902BE2499F00A19889 /* ScoreView.swift */; };
		CEA801932BE24A0F00A19889 /* QuizView.swift in Sources */ = {isa = PBXBuildFile; fileRef = CEA801922BE24A0F00A19889 /* QuizView.swift */; };
		CEA801952BE24B5F00A19889 /* SettingsView.swift in Sources */ = {isa = PBXBuildFile; fileRef = CEA801942BE24B5F00A19889 /* SettingsView.swift */; };
		CEA801972BE24D7400A19889 /* AlphabetView.swift in Sources */ = {isa = PBXBuildFile; fileRef = CEA801962BE24D7400A19889 /* AlphabetView.swift */; };
		CEA801992BE2503900A19889 /* LetterModel.swift in Sources */ = {isa = PBXBuildFile; fileRef = CEA801982BE2503900A19889 /* LetterModel.swift */; };
		CEA801CD2BEA1D7100A19889 /* GameOverView.swift in Sources */ = {isa = PBXBuildFile; fileRef = CEA801CC2BEA1D7100A19889 /* GameOverView.swift */; };
		CEA801CF2BEA2E5600A19889 /* ScoreViewModel.swift in Sources */ = {isa = PBXBuildFile; fileRef = CEA801CE2BEA2E5600A19889 /* ScoreViewModel.swift */; };
		CEA801D12BEE279300A19889 /* Quiz2View.swift in Sources */ = {isa = PBXBuildFile; fileRef = CEA801D02BEE279300A19889 /* Quiz2View.swift */; };
		CEA801D52BEE29B700A19889 /* Alphabet2View.swift in Sources */ = {isa = PBXBuildFile; fileRef = CEA801D42BEE29B700A19889 /* Alphabet2View.swift */; };
		CEA801D72BEE2A8400A19889 /* AlphabetTabView.swift in Sources */ = {isa = PBXBuildFile; fileRef = CEA801D62BEE2A8400A19889 /* AlphabetTabView.swift */; };
		CEA801D92BEF1BBF00A19889 /* SettingsTabView.swift in Sources */ = {isa = PBXBuildFile; fileRef = CEA801D82BEF1BBF00A19889 /* SettingsTabView.swift */; };
		CEA801DB2BEF1C9300A19889 /* Settings2View.swift in Sources */ = {isa = PBXBuildFile; fileRef = CEA801DA2BEF1C9300A19889 /* Settings2View.swift */; };
		CF4A124B2BF04DA400416A4C /* User.swift in Sources */ = {isa = PBXBuildFile; fileRef = CF4A124A2BF04DA400416A4C /* User.swift */; };
		CF4A124F2BF04DFE00416A4C /* UsersModel.xcdatamodeld in Sources */ = {isa = PBXBuildFile; fileRef = CF4A124D2BF04DFE00416A4C /* UsersModel.xcdatamodeld */; };
/* End PBXBuildFile section */

/* Begin PBXFileReference section */
		CEA8017D2BE101B600A19889 /* LanguageLearningApp.app */ = {isa = PBXFileReference; explicitFileType = wrapper.application; includeInIndex = 0; path = LanguageLearningApp.app; sourceTree = BUILT_PRODUCTS_DIR; };
		CEA801802BE101B600A19889 /* LanguageLearningAppApp.swift */ = {isa = PBXFileReference; lastKnownFileType = sourcecode.swift; path = LanguageLearningAppApp.swift; sourceTree = "<group>"; };
		CEA801822BE101B600A19889 /* MainMenuView.swift */ = {isa = PBXFileReference; lastKnownFileType = sourcecode.swift; path = MainMenuView.swift; sourceTree = "<group>"; };
		CEA801842BE101B800A19889 /* Assets.xcassets */ = {isa = PBXFileReference; lastKnownFileType = folder.assetcatalog; path = Assets.xcassets; sourceTree = "<group>"; };
		CEA801872BE101B800A19889 /* Preview Assets.xcassets */ = {isa = PBXFileReference; lastKnownFileType = folder.assetcatalog; path = "Preview Assets.xcassets"; sourceTree = "<group>"; };
		CEA801902BE2499F00A19889 /* ScoreView.swift */ = {isa = PBXFileReference; lastKnownFileType = sourcecode.swift; path = ScoreView.swift; sourceTree = "<group>"; };
		CEA801922BE24A0F00A19889 /* QuizView.swift */ = {isa = PBXFileReference; lastKnownFileType = sourcecode.swift; path = QuizView.swift; sourceTree = "<group>"; };
		CEA801942BE24B5F00A19889 /* SettingsView.swift */ = {isa = PBXFileReference; lastKnownFileType = sourcecode.swift; path = SettingsView.swift; sourceTree = "<group>"; };
		CEA801962BE24D7400A19889 /* AlphabetView.swift */ = {isa = PBXFileReference; lastKnownFileType = sourcecode.swift; path = AlphabetView.swift; sourceTree = "<group>"; };
		CEA801982BE2503900A19889 /* LetterModel.swift */ = {isa = PBXFileReference; lastKnownFileType = sourcecode.swift; path = LetterModel.swift; sourceTree = "<group>"; };
		CEA8019A2BE2520800A19889 /* o.png */ = {isa = PBXFileReference; lastKnownFileType = image.png; name = o.png; path = ../../../../../Downloads/o.png; sourceTree = "<group>"; };
		CEA801CC2BEA1D7100A19889 /* GameOverView.swift */ = {isa = PBXFileReference; lastKnownFileType = sourcecode.swift; path = GameOverView.swift; sourceTree = "<group>"; };
		CEA801CE2BEA2E5600A19889 /* ScoreViewModel.swift */ = {isa = PBXFileReference; lastKnownFileType = sourcecode.swift; path = ScoreViewModel.swift; sourceTree = "<group>"; };
		CEA801D02BEE279300A19889 /* Quiz2View.swift */ = {isa = PBXFileReference; lastKnownFileType = sourcecode.swift; path = Quiz2View.swift; sourceTree = "<group>"; };
		CEA801D42BEE29B700A19889 /* Alphabet2View.swift */ = {isa = PBXFileReference; lastKnownFileType = sourcecode.swift; path = Alphabet2View.swift; sourceTree = "<group>"; };
		CEA801D62BEE2A8400A19889 /* AlphabetTabView.swift */ = {isa = PBXFileReference; lastKnownFileType = sourcecode.swift; path = AlphabetTabView.swift; sourceTree = "<group>"; };
		CEA801D82BEF1BBF00A19889 /* SettingsTabView.swift */ = {isa = PBXFileReference; lastKnownFileType = sourcecode.swift; path = SettingsTabView.swift; sourceTree = "<group>"; };
		CEA801DA2BEF1C9300A19889 /* Settings2View.swift */ = {isa = PBXFileReference; lastKnownFileType = sourcecode.swift; path = Settings2View.swift; sourceTree = "<group>"; };
		CF4A124A2BF04DA400416A4C /* User.swift */ = {isa = PBXFileReference; lastKnownFileType = sourcecode.swift; path = User.swift; sourceTree = "<group>"; };
		CF4A124E2BF04DFE00416A4C /* UsersModel.xcdatamodel */ = {isa = PBXFileReference; lastKnownFileType = wrapper.xcdatamodel; path = UsersModel.xcdatamodel; sourceTree = "<group>"; };
/* End PBXFileReference section */

/* Begin PBXFrameworksBuildPhase section */
		CEA8017A2BE101B600A19889 /* Frameworks */ = {
			isa = PBXFrameworksBuildPhase;
			buildActionMask = 2147483647;
			files = (
			);
			runOnlyForDeploymentPostprocessing = 0;
		};
/* End PBXFrameworksBuildPhase section */

/* Begin PBXGroup section */
		CEA801742BE101B600A19889 = {
			isa = PBXGroup;
			children = (
				CEA8017F2BE101B600A19889 /* LanguageLearningApp */,
				CEA8017E2BE101B600A19889 /* Products */,
			);
			sourceTree = "<group>";
		};
		CEA8017E2BE101B600A19889 /* Products */ = {
			isa = PBXGroup;
			children = (
				CEA8017D2BE101B600A19889 /* LanguageLearningApp.app */,
			);
			name = Products;
			sourceTree = "<group>";
		};
		CEA8017F2BE101B600A19889 /* LanguageLearningApp */ = {
			isa = PBXGroup;
			children = (
				CF4A12492BF04CCE00416A4C /* View */,
				CF4A12482BF04CC100416A4C /* ViewModel */,
				CF4A12472BF04CB600416A4C /* Model */,
				CEA801802BE101B600A19889 /* LanguageLearningAppApp.swift */,
				CF4A124C2BF04DCC00416A4C /* DataModel */,
				CEA801842BE101B800A19889 /* Assets.xcassets */,
				CEA801862BE101B800A19889 /* Preview Content */,
			);
			path = LanguageLearningApp;
			sourceTree = "<group>";
		};
		CEA801862BE101B800A19889 /* Preview Content */ = {
			isa = PBXGroup;
			children = (
				CEA8019A2BE2520800A19889 /* o.png */,
				CEA801872BE101B800A19889 /* Preview Assets.xcassets */,
			);
			path = "Preview Content";
			sourceTree = "<group>";
		};
		CF4A12472BF04CB600416A4C /* Model */ = {
			isa = PBXGroup;
			children = (
				CEA801982BE2503900A19889 /* LetterModel.swift */,
				CF4A124A2BF04DA400416A4C /* User.swift */,
			);
			path = Model;
			sourceTree = "<group>";
		};
		CF4A12482BF04CC100416A4C /* ViewModel */ = {
			isa = PBXGroup;
			children = (
				CEA801CE2BEA2E5600A19889 /* ScoreViewModel.swift */,
			);
			path = ViewModel;
			sourceTree = "<group>";
		};
		CF4A12492BF04CCE00416A4C /* View */ = {
			isa = PBXGroup;
			children = (
				CEA801822BE101B600A19889 /* MainMenuView.swift */,
				CEA801922BE24A0F00A19889 /* QuizView.swift */,
				CEA801D02BEE279300A19889 /* Quiz2View.swift */,
				CEA801CC2BEA1D7100A19889 /* GameOverView.swift */,
				CEA801962BE24D7400A19889 /* AlphabetView.swift */,
				CEA801902BE2499F00A19889 /* ScoreView.swift */,
				CEA801D62BEE2A8400A19889 /* AlphabetTabView.swift */,
				CEA801D42BEE29B700A19889 /* Alphabet2View.swift */,
				CEA801942BE24B5F00A19889 /* SettingsView.swift */,
				CEA801DA2BEF1C9300A19889 /* Settings2View.swift */,
				CEA801D82BEF1BBF00A19889 /* SettingsTabView.swift */,
			);
			path = View;
			sourceTree = "<group>";
		};
		CF4A124C2BF04DCC00416A4C /* DataModel */ = {
			isa = PBXGroup;
			children = (
				CF4A124D2BF04DFE00416A4C /* UsersModel.xcdatamodeld */,
			);
			path = DataModel;
			sourceTree = "<group>";
		};
/* End PBXGroup section */

/* Begin PBXNativeTarget section */
		CEA8017C2BE101B600A19889 /* LanguageLearningApp */ = {
			isa = PBXNativeTarget;
			buildConfigurationList = CEA8018B2BE101B800A19889 /* Build configuration list for PBXNativeTarget "LanguageLearningApp" */;
			buildPhases = (
				CEA801792BE101B600A19889 /* Sources */,
				CEA8017A2BE101B600A19889 /* Frameworks */,
				CEA8017B2BE101B600A19889 /* Resources */,
			);
			buildRules = (
			);
			dependencies = (
			);
			name = LanguageLearningApp;
			productName = LanguageLearningApp;
			productReference = CEA8017D2BE101B600A19889 /* LanguageLearningApp.app */;
			productType = "com.apple.product-type.application";
		};
/* End PBXNativeTarget section */

/* Begin PBXProject section */
		CEA801752BE101B600A19889 /* Project object */ = {
			isa = PBXProject;
			attributes = {
				BuildIndependentTargetsInParallel = 1;
				LastSwiftUpdateCheck = 1420;
				LastUpgradeCheck = 1420;
				TargetAttributes = {
					CEA8017C2BE101B600A19889 = {
						CreatedOnToolsVersion = 14.2;
					};
				};
			};
			buildConfigurationList = CEA801782BE101B600A19889 /* Build configuration list for PBXProject "LanguageLearningApp" */;
			compatibilityVersion = "Xcode 14.0";
			developmentRegion = en;
			hasScannedForEncodings = 0;
			knownRegions = (
				en,
				Base,
			);
			mainGroup = CEA801742BE101B600A19889;
			productRefGroup = CEA8017E2BE101B600A19889 /* Products */;
			projectDirPath = "";
			projectRoot = "";
			targets = (
				CEA8017C2BE101B600A19889 /* LanguageLearningApp */,
			);
		};
/* End PBXProject section */

/* Begin PBXResourcesBuildPhase section */
		CEA8017B2BE101B600A19889 /* Resources */ = {
			isa = PBXResourcesBuildPhase;
			buildActionMask = 2147483647;
			files = (
				CEA801882BE101B800A19889 /* Preview Assets.xcassets in Resources */,
				CEA801852BE101B800A19889 /* Assets.xcassets in Resources */,
			);
			runOnlyForDeploymentPostprocessing = 0;
		};
/* End PBXResourcesBuildPhase section */

/* Begin PBXSourcesBuildPhase section */
		CEA801792BE101B600A19889 /* Sources */ = {
			isa = PBXSourcesBuildPhase;
			buildActionMask = 2147483647;
			files = (
				CEA801DB2BEF1C9300A19889 /* Settings2View.swift in Sources */,
				CEA801D52BEE29B700A19889 /* Alphabet2View.swift in Sources */,
				CF4A124F2BF04DFE00416A4C /* UsersModel.xcdatamodeld in Sources */,
				CEA801D12BEE279300A19889 /* Quiz2View.swift in Sources */,
				CEA801952BE24B5F00A19889 /* SettingsView.swift in Sources */,
				CEA801992BE2503900A19889 /* LetterModel.swift in Sources */,
				CEA801832BE101B600A19889 /* MainMenuView.swift in Sources */,
				CEA801932BE24A0F00A19889 /* QuizView.swift in Sources */,
				CEA801812BE101B600A19889 /* LanguageLearningAppApp.swift in Sources */,
				CF4A124B2BF04DA400416A4C /* User.swift in Sources */,
				CEA801912BE2499F00A19889 /* ScoreView.swift in Sources */,
				CEA801CF2BEA2E5600A19889 /* ScoreViewModel.swift in Sources */,
				CEA801D92BEF1BBF00A19889 /* SettingsTabView.swift in Sources */,
				CEA801CD2BEA1D7100A19889 /* GameOverView.swift in Sources */,
				CEA801972BE24D7400A19889 /* AlphabetView.swift in Sources */,
				CEA801D72BEE2A8400A19889 /* AlphabetTabView.swift in Sources */,
			);
			runOnlyForDeploymentPostprocessing = 0;
		};
/* End PBXSourcesBuildPhase section */

/* Begin XCBuildConfiguration section */
		CEA801892BE101B800A19889 /* Debug */ = {
			isa = XCBuildConfiguration;
			buildSettings = {
				ALWAYS_SEARCH_USER_PATHS = NO;
				CLANG_ANALYZER_NONNULL = YES;
				CLANG_ANALYZER_NUMBER_OBJECT_CONVERSION = YES_AGGRESSIVE;
				CLANG_CXX_LANGUAGE_STANDARD = "gnu++20";
				CLANG_ENABLE_MODULES = YES;
				CLANG_ENABLE_OBJC_ARC = YES;
				CLANG_ENABLE_OBJC_WEAK = YES;
				CLANG_WARN_BLOCK_CAPTURE_AUTORELEASING = YES;
				CLANG_WARN_BOOL_CONVERSION = YES;
				CLANG_WARN_COMMA = YES;
				CLANG_WARN_CONSTANT_CONVERSION = YES;
				CLANG_WARN_DEPRECATED_OBJC_IMPLEMENTATIONS = YES;
				CLANG_WARN_DIRECT_OBJC_ISA_USAGE = YES_ERROR;
				CLANG_WARN_DOCUMENTATION_COMMENTS = YES;
				CLANG_WARN_EMPTY_BODY = YES;
				CLANG_WARN_ENUM_CONVERSION = YES;
				CLANG_WARN_INFINITE_RECURSION = YES;
				CLANG_WARN_INT_CONVERSION = YES;
				CLANG_WARN_NON_LITERAL_NULL_CONVERSION = YES;
				CLANG_WARN_OBJC_IMPLICIT_RETAIN_SELF = YES;
				CLANG_WARN_OBJC_LITERAL_CONVERSION = YES;
				CLANG_WARN_OBJC_ROOT_CLASS = YES_ERROR;
				CLANG_WARN_QUOTED_INCLUDE_IN_FRAMEWORK_HEADER = YES;
				CLANG_WARN_RANGE_LOOP_ANALYSIS = YES;
				CLANG_WARN_STRICT_PROTOTYPES = YES;
				CLANG_WARN_SUSPICIOUS_MOVE = YES;
				CLANG_WARN_UNGUARDED_AVAILABILITY = YES_AGGRESSIVE;
				CLANG_WARN_UNREACHABLE_CODE = YES;
				CLANG_WARN__DUPLICATE_METHOD_MATCH = YES;
				COPY_PHASE_STRIP = NO;
				DEBUG_INFORMATION_FORMAT = dwarf;
				ENABLE_STRICT_OBJC_MSGSEND = YES;
				ENABLE_TESTABILITY = YES;
				GCC_C_LANGUAGE_STANDARD = gnu11;
				GCC_DYNAMIC_NO_PIC = NO;
				GCC_NO_COMMON_BLOCKS = YES;
				GCC_OPTIMIZATION_LEVEL = 0;
				GCC_PREPROCESSOR_DEFINITIONS = (
					"DEBUG=1",
					"$(inherited)",
				);
				GCC_WARN_64_TO_32_BIT_CONVERSION = YES;
				GCC_WARN_ABOUT_RETURN_TYPE = YES_ERROR;
				GCC_WARN_UNDECLARED_SELECTOR = YES;
				GCC_WARN_UNINITIALIZED_AUTOS = YES_AGGRESSIVE;
				GCC_WARN_UNUSED_FUNCTION = YES;
				GCC_WARN_UNUSED_VARIABLE = YES;
				IPHONEOS_DEPLOYMENT_TARGET = 16.2;
				MTL_ENABLE_DEBUG_INFO = INCLUDE_SOURCE;
				MTL_FAST_MATH = YES;
				ONLY_ACTIVE_ARCH = YES;
				SDKROOT = iphoneos;
				SWIFT_ACTIVE_COMPILATION_CONDITIONS = DEBUG;
				SWIFT_OPTIMIZATION_LEVEL = "-Onone";
			};
			name = Debug;
		};
		CEA8018A2BE101B800A19889 /* Release */ = {
			isa = XCBuildConfiguration;
			buildSettings = {
				ALWAYS_SEARCH_USER_PATHS = NO;
				CLANG_ANALYZER_NONNULL = YES;
				CLANG_ANALYZER_NUMBER_OBJECT_CONVERSION = YES_AGGRESSIVE;
				CLANG_CXX_LANGUAGE_STANDARD = "gnu++20";
				CLANG_ENABLE_MODULES = YES;
				CLANG_ENABLE_OBJC_ARC = YES;
				CLANG_ENABLE_OBJC_WEAK = YES;
				CLANG_WARN_BLOCK_CAPTURE_AUTORELEASING = YES;
				CLANG_WARN_BOOL_CONVERSION = YES;
				CLANG_WARN_COMMA = YES;
				CLANG_WARN_CONSTANT_CONVERSION = YES;
				CLANG_WARN_DEPRECATED_OBJC_IMPLEMENTATIONS = YES;
				CLANG_WARN_DIRECT_OBJC_ISA_USAGE = YES_ERROR;
				CLANG_WARN_DOCUMENTATION_COMMENTS = YES;
				CLANG_WARN_EMPTY_BODY = YES;
				CLANG_WARN_ENUM_CONVERSION = YES;
				CLANG_WARN_INFINITE_RECURSION = YES;
				CLANG_WARN_INT_CONVERSION = YES;
				CLANG_WARN_NON_LITERAL_NULL_CONVERSION = YES;
				CLANG_WARN_OBJC_IMPLICIT_RETAIN_SELF = YES;
				CLANG_WARN_OBJC_LITERAL_CONVERSION = YES;
				CLANG_WARN_OBJC_ROOT_CLASS = YES_ERROR;
				CLANG_WARN_QUOTED_INCLUDE_IN_FRAMEWORK_HEADER = YES;
				CLANG_WARN_RANGE_LOOP_ANALYSIS = YES;
				CLANG_WARN_STRICT_PROTOTYPES = YES;
				CLANG_WARN_SUSPICIOUS_MOVE = YES;
				CLANG_WARN_UNGUARDED_AVAILABILITY = YES_AGGRESSIVE;
				CLANG_WARN_UNREACHABLE_CODE = YES;
				CLANG_WARN__DUPLICATE_METHOD_MATCH = YES;
				COPY_PHASE_STRIP = NO;
				DEBUG_INFORMATION_FORMAT = "dwarf-with-dsym";
				ENABLE_NS_ASSERTIONS = NO;
				ENABLE_STRICT_OBJC_MSGSEND = YES;
				GCC_C_LANGUAGE_STANDARD = gnu11;
				GCC_NO_COMMON_BLOCKS = YES;
				GCC_WARN_64_TO_32_BIT_CONVERSION = YES;
				GCC_WARN_ABOUT_RETURN_TYPE = YES_ERROR;
				GCC_WARN_UNDECLARED_SELECTOR = YES;
				GCC_WARN_UNINITIALIZED_AUTOS = YES_AGGRESSIVE;
				GCC_WARN_UNUSED_FUNCTION = YES;
				GCC_WARN_UNUSED_VARIABLE = YES;
				IPHONEOS_DEPLOYMENT_TARGET = 16.2;
				MTL_ENABLE_DEBUG_INFO = NO;
				MTL_FAST_MATH = YES;
				SDKROOT = iphoneos;
				SWIFT_COMPILATION_MODE = wholemodule;
				SWIFT_OPTIMIZATION_LEVEL = "-O";
				VALIDATE_PRODUCT = YES;
			};
			name = Release;
		};
		CEA8018C2BE101B800A19889 /* Debug */ = {
			isa = XCBuildConfiguration;
			buildSettings = {
				ASSETCATALOG_COMPILER_APPICON_NAME = AppIcon;
				ASSETCATALOG_COMPILER_GLOBAL_ACCENT_COLOR_NAME = AccentColor;
				CODE_SIGN_STYLE = Automatic;
				CURRENT_PROJECT_VERSION = 1;
				DEVELOPMENT_ASSET_PATHS = "\"LanguageLearningApp/Preview Content\"";
				ENABLE_PREVIEWS = YES;
				GENERATE_INFOPLIST_FILE = YES;
				INFOPLIST_KEY_UIApplicationSceneManifest_Generation = YES;
				INFOPLIST_KEY_UIApplicationSupportsIndirectInputEvents = YES;
				INFOPLIST_KEY_UILaunchScreen_Generation = YES;
				INFOPLIST_KEY_UISupportedInterfaceOrientations_iPad = "UIInterfaceOrientationPortrait UIInterfaceOrientationPortraitUpsideDown UIInterfaceOrientationLandscapeLeft UIInterfaceOrientationLandscapeRight";
				INFOPLIST_KEY_UISupportedInterfaceOrientations_iPhone = "UIInterfaceOrientationPortrait UIInterfaceOrientationLandscapeLeft UIInterfaceOrientationLandscapeRight";
				IPHONEOS_DEPLOYMENT_TARGET = 17.2;
				LD_RUNPATH_SEARCH_PATHS = (
					"$(inherited)",
					"@executable_path/Frameworks",
				);
				MARKETING_VERSION = 1.0;
				PRODUCT_BUNDLE_IDENTIFIER = au.edu.uts.LanguageLearningApp;
				PRODUCT_NAME = "$(TARGET_NAME)";
				SWIFT_EMIT_LOC_STRINGS = YES;
				SWIFT_VERSION = 5.0;
				TARGETED_DEVICE_FAMILY = "1,2";
			};
			name = Debug;
		};
		CEA8018D2BE101B800A19889 /* Release */ = {
			isa = XCBuildConfiguration;
			buildSettings = {
				ASSETCATALOG_COMPILER_APPICON_NAME = AppIcon;
				ASSETCATALOG_COMPILER_GLOBAL_ACCENT_COLOR_NAME = AccentColor;
				CODE_SIGN_STYLE = Automatic;
				CURRENT_PROJECT_VERSION = 1;
				DEVELOPMENT_ASSET_PATHS = "\"LanguageLearningApp/Preview Content\"";
				ENABLE_PREVIEWS = YES;
				GENERATE_INFOPLIST_FILE = YES;
				INFOPLIST_KEY_UIApplicationSceneManifest_Generation = YES;
				INFOPLIST_KEY_UIApplicationSupportsIndirectInputEvents = YES;
				INFOPLIST_KEY_UILaunchScreen_Generation = YES;
				INFOPLIST_KEY_UISupportedInterfaceOrientations_iPad = "UIInterfaceOrientationPortrait UIInterfaceOrientationPortraitUpsideDown UIInterfaceOrientationLandscapeLeft UIInterfaceOrientationLandscapeRight";
				INFOPLIST_KEY_UISupportedInterfaceOrientations_iPhone = "UIInterfaceOrientationPortrait UIInterfaceOrientationLandscapeLeft UIInterfaceOrientationLandscapeRight";
				IPHONEOS_DEPLOYMENT_TARGET = 17.2;
				LD_RUNPATH_SEARCH_PATHS = (
					"$(inherited)",
					"@executable_path/Frameworks",
				);
				MARKETING_VERSION = 1.0;
				PRODUCT_BUNDLE_IDENTIFIER = au.edu.uts.LanguageLearningApp;
				PRODUCT_NAME = "$(TARGET_NAME)";
				SWIFT_EMIT_LOC_STRINGS = YES;
				SWIFT_VERSION = 5.0;
				TARGETED_DEVICE_FAMILY = "1,2";
			};
			name = Release;
		};
/* End XCBuildConfiguration section */

/* Begin XCConfigurationList section */
		CEA801782BE101B600A19889 /* Build configuration list for PBXProject "LanguageLearningApp" */ = {
			isa = XCConfigurationList;
			buildConfigurations = (
				CEA801892BE101B800A19889 /* Debug */,
				CEA8018A2BE101B800A19889 /* Release */,
			);
			defaultConfigurationIsVisible = 0;
			defaultConfigurationName = Release;
		};
		CEA8018B2BE101B800A19889 /* Build configuration list for PBXNativeTarget "LanguageLearningApp" */ = {
			isa = XCConfigurationList;
			buildConfigurations = (
				CEA8018C2BE101B800A19889 /* Debug */,
				CEA8018D2BE101B800A19889 /* Release */,
			);
			defaultConfigurationIsVisible = 0;
			defaultConfigurationName = Release;
		};
/* End XCConfigurationList section */

/* Begin XCVersionGroup section */
		CF4A124D2BF04DFE00416A4C /* UsersModel.xcdatamodeld */ = {
			isa = XCVersionGroup;
			children = (
				CF4A124E2BF04DFE00416A4C /* UsersModel.xcdatamodel */,
			);
			currentVersion = CF4A124E2BF04DFE00416A4C /* UsersModel.xcdatamodel */;
			path = UsersModel.xcdatamodeld;
			sourceTree = "<group>";
			versionGroupType = wrapper.xcdatamodel;
		};
/* End XCVersionGroup section */
	};
	rootObject = CEA801752BE101B600A19889 /* Project object */;
}
